
Microsoft Visual Studio Solution File, Format Version 12.00
# Visual Studio Version 17
VisualStudioVersion = 17.12.35521.163
MinimumVisualStudioVersion = 10.0.40219.1
Project("{FAE04EC0-301F-11D3-BF4B-00C04F79EFBC}") = "CurveFittingApp", "CurveFittingApp\CurveFittingApp.csproj", "{248DFC71-6E29-4553-921A-8273DA731C8E}"
EndProject
Project("{2150E333-8FDC-42A3-9474-1A3956D46DE8}") = "Data", "Data", "{DACFB763-B65C-4AEE-8D03-05CC3CBA36E3}"
	ProjectSection(SolutionItems) = preProject
		CurveFittingApp\Data\test_data_exponential.csv = CurveFittingApp\Data\test_data_exponential.csv
		CurveFittingApp\Data\test_data_linear.csv = CurveFittingApp\Data\test_data_linear.csv
		CurveFittingApp\Data\test_data_power.csv = CurveFittingApp\Data\test_data_power.csv
	EndProjectSection
EndProject
Project("{FAE04EC0-301F-11D3-BF4B-00C04F79EFBC}") = "CurveFittingApp.Tests", "CurveFittingApp.Tests\CurveFittingApp.Tests.csproj", "{61EA652A-F3A1-4A00-9E27-C9EF9F74672C}"
EndProject
Global
	GlobalSection(SolutionConfigurationPlatforms) = preSolution
		Debug|Any CPU = Debug|Any CPU
		Release|Any CPU = Release|Any CPU
	EndGlobalSection
	GlobalSection(ProjectConfigurationPlatforms) = postSolution
		{248DFC71-6E29-4553-921A-8273DA731C8E}.Debug|Any CPU.ActiveCfg = Debug|Any CPU
		{248DFC71-6E29-4553-921A-8273DA731C8E}.Debug|Any CPU.Build.0 = Debug|Any CPU
		{248DFC71-6E29-4553-921A-8273DA731C8E}.Release|Any CPU.ActiveCfg = Release|Any CPU
		{248DFC71-6E29-4553-921A-8273DA731C8E}.Release|Any CPU.Build.0 = Release|Any CPU
		{61EA652A-F3A1-4A00-9E27-C9EF9F74672C}.Debug|Any CPU.ActiveCfg = Debug|Any CPU
		{61EA652A-F3A1-4A00-9E27-C9EF9F74672C}.Debug|Any CPU.Build.0 = Debug|Any CPU
		{61EA652A-F3A1-4A00-9E27-C9EF9F74672C}.Release|Any CPU.ActiveCfg = Release|Any CPU
		{61EA652A-F3A1-4A00-9E27-C9EF9F74672C}.Release|Any CPU.Build.0 = Release|Any CPU
	EndGlobalSection
	GlobalSection(SolutionProperties) = preSolution
		HideSolutionNode = FALSE
	EndGlobalSection
	GlobalSection(ExtensibilityGlobals) = postSolution
		SolutionGuid = {240BB8C0-C349-4AFC-BD6F-9C8F5068D9B1}
	EndGlobalSection
EndGlobal
